
Microsoft Visual Studio Solution File, Format Version 12.00
# Visual Studio Version 16
VisualStudioVersion = 16.0.32228.343
MinimumVisualStudioVersion = 10.0.40219.1
Project("{FAE04EC0-301F-11D3-BF4B-00C04F79EFBC}") = "negocio", "negocio\negocio.csproj", "{CD247207-CFE1-40DE-B885-92F5FF125A8E}"
EndProject
Project("{FAE04EC0-301F-11D3-BF4B-00C04F79EFBC}") = "datos", "datos\datos.csproj", "{62F3D32B-530D-4E3A-9C38-71F89AA08423}"
EndProject
Project("{FAE04EC0-301F-11D3-BF4B-00C04F79EFBC}") = "entidades", "entidades\entidades.csproj", "{C649BFF6-5FAE-48A2-9AB3-C82890A30A96}"
EndProject
Project("{FAE04EC0-301F-11D3-BF4B-00C04F79EFBC}") = "vistaE", "vistaE\vistaE.csproj", "{73CC2C24-36B0-40FE-AACD-31277AD6052D}"
EndProject
Project("{2150E333-8FDC-42A3-9474-1A3956D46DE8}") = "scripts", "scripts", "{706BCF3A-C93D-4A10-A412-D3337643DA89}"
	ProjectSection(SolutionItems) = preProject
		pruebademo.sql = pruebademo.sql
	EndProjectSection
EndProject
Global
	GlobalSection(SolutionConfigurationPlatforms) = preSolution
		Debug|Any CPU = Debug|Any CPU
		Release|Any CPU = Release|Any CPU
	EndGlobalSection
	GlobalSection(ProjectConfigurationPlatforms) = postSolution
		{CD247207-CFE1-40DE-B885-92F5FF125A8E}.Debug|Any CPU.ActiveCfg = Debug|Any CPU
		{CD247207-CFE1-40DE-B885-92F5FF125A8E}.Debug|Any CPU.Build.0 = Debug|Any CPU
		{CD247207-CFE1-40DE-B885-92F5FF125A8E}.Release|Any CPU.ActiveCfg = Release|Any CPU
		{CD247207-CFE1-40DE-B885-92F5FF125A8E}.Release|Any CPU.Build.0 = Release|Any CPU
		{62F3D32B-530D-4E3A-9C38-71F89AA08423}.Debug|Any CPU.ActiveCfg = Debug|Any CPU
		{62F3D32B-530D-4E3A-9C38-71F89AA08423}.Debug|Any CPU.Build.0 = Debug|Any CPU
		{62F3D32B-530D-4E3A-9C38-71F89AA08423}.Release|Any CPU.ActiveCfg = Release|Any CPU
		{62F3D32B-530D-4E3A-9C38-71F89AA08423}.Release|Any CPU.Build.0 = Release|Any CPU
		{C649BFF6-5FAE-48A2-9AB3-C82890A30A96}.Debug|Any CPU.ActiveCfg = Debug|Any CPU
		{C649BFF6-5FAE-48A2-9AB3-C82890A30A96}.Debug|Any CPU.Build.0 = Debug|Any CPU
		{C649BFF6-5FAE-48A2-9AB3-C82890A30A96}.Release|Any CPU.ActiveCfg = Release|Any CPU
		{C649BFF6-5FAE-48A2-9AB3-C82890A30A96}.Release|Any CPU.Build.0 = Release|Any CPU
		{73CC2C24-36B0-40FE-AACD-31277AD6052D}.Debug|Any CPU.ActiveCfg = Debug|Any CPU
		{73CC2C24-36B0-40FE-AACD-31277AD6052D}.Debug|Any CPU.Build.0 = Debug|Any CPU
		{73CC2C24-36B0-40FE-AACD-31277AD6052D}.Release|Any CPU.ActiveCfg = Release|Any CPU
		{73CC2C24-36B0-40FE-AACD-31277AD6052D}.Release|Any CPU.Build.0 = Release|Any CPU
	EndGlobalSection
	GlobalSection(SolutionProperties) = preSolution
		HideSolutionNode = FALSE
	EndGlobalSection
	GlobalSection(ExtensibilityGlobals) = postSolution
		SolutionGuid = {03584786-C008-4DA3-883A-73D931B2E38F}
	EndGlobalSection
EndGlobal
